{
  "name": "vserv-tech-meta",
  "version": "0.0.1",
  "lockfileVersion": 1,
  "requires": true,
  "dependencies": {
    "@types/clear": {
      "version": "0.1.0",
      "resolved": "https://registry.npmjs.org/@types/clear/-/clear-0.1.0.tgz",
      "integrity": "sha512-b2VgNzu3BxxM2nGhZSMzkiaTaCClevKkBCtgpV2Al0eGaEeQgTk5qHedzNxi/SgsvmDbqxWKDAIrxZNVKyDCXw=="
    },
    "@types/figlet": {
      "version": "1.2.0",
      "resolved": "https://registry.npmjs.org/@types/figlet/-/figlet-1.2.0.tgz",
      "integrity": "sha512-TDZkNpYfkc3X8yv7w1QBziZmmxzNfGKX+YjeNkMpmSiNV0QOdNf9G5cEZB3FH1/oaqpSQEdxuDzURdju2L3lng=="
    }
  }
}
